
Microsoft Visual Studio Solution File, Format Version 12.00
# Visual Studio Version 17
VisualStudioVersion = 17.11.35312.102
MinimumVisualStudioVersion = 10.0.40219.1
Project("{FAE04EC0-301F-11D3-BF4B-00C04F79EFBC}") = "ques 1", "ques 1.csproj", "{1067C46C-2D1F-4C8D-B7BA-38D9FCFC0FB4}"
EndProject
Project("{FAE04EC0-301F-11D3-BF4B-00C04F79EFBC}") = "ques 2", "..\ques 2\ques 2.csproj", "{F6C669E4-CF21-4192-9431-7DD999C9C29F}"
EndProject
Project("{FAE04EC0-301F-11D3-BF4B-00C04F79EFBC}") = "ques 3", "..\ques 3\ques 3.csproj", "{C221E5C3-AD71-4ACD-B916-340A01997D46}"
EndProject
Project("{FAE04EC0-301F-11D3-BF4B-00C04F79EFBC}") = "ques 4", "..\ques 4\ques 4.csproj", "{CE01B4C2-D15C-4C33-B4AF-530276400BAC}"
EndProject
Project("{FAE04EC0-301F-11D3-BF4B-00C04F79EFBC}") = "ques 5", "..\ques 5\ques 5.csproj", "{243579E4-1CA5-4268-81BE-4A559B9C66FD}"
EndProject
Project("{FAE04EC0-301F-11D3-BF4B-00C04F79EFBC}") = "ques 6", "..\ques 6\ques 6.csproj", "{05DEC0F9-FCA7-473D-BFDA-C8F047302604}"
EndProject
Project("{FAE04EC0-301F-11D3-BF4B-00C04F79EFBC}") = "ques 7", "..\ques 7\ques 7.csproj", "{B6CDDFB4-0791-435A-8D66-48C12FE5FE8F}"
EndProject
Project("{FAE04EC0-301F-11D3-BF4B-00C04F79EFBC}") = "ques 8", "..\ques 8\ques 8.csproj", "{C7ED3471-13AD-4DD7-B0D0-B0D325D7990E}"
EndProject
Project("{FAE04EC0-301F-11D3-BF4B-00C04F79EFBC}") = "ques 9", "..\ques 9\ques 9.csproj", "{3E064154-6BC7-4989-9DE2-D13C01AB857D}"
EndProject
Project("{FAE04EC0-301F-11D3-BF4B-00C04F79EFBC}") = "ques 10", "..\ques 10\ques 10.csproj", "{158F44C3-6BA8-4DDD-BE63-FDD7031C1943}"
EndProject
Project("{FAE04EC0-301F-11D3-BF4B-00C04F79EFBC}") = "ques 11", "..\ques 11\ques 11.csproj", "{DB720979-C3B9-4D9A-86A4-667B49B18D7E}"
EndProject
Project("{FAE04EC0-301F-11D3-BF4B-00C04F79EFBC}") = "ques 12", "..\ques 12\ques 12.csproj", "{0854E915-D72F-404C-987B-5F475ED65390}"
EndProject
Project("{FAE04EC0-301F-11D3-BF4B-00C04F79EFBC}") = "ques 13", "..\ques 13\ques 13.csproj", "{52CC1DD5-742C-486F-8E4D-09DF129F909F}"
EndProject
Project("{FAE04EC0-301F-11D3-BF4B-00C04F79EFBC}") = "ques 14", "..\ques 14\ques 14.csproj", "{D11C0B3D-67F2-403F-BAE4-0EF25EE29CC8}"
EndProject
Project("{FAE04EC0-301F-11D3-BF4B-00C04F79EFBC}") = "ques 15", "..\ques 15\ques 15.csproj", "{D3024F14-723F-43B8-99FD-82EA8A835204}"
EndProject
Project("{FAE04EC0-301F-11D3-BF4B-00C04F79EFBC}") = "ques 16", "..\ques 16\ques 16.csproj", "{E13F3918-0DE2-4F4E-B905-80ED466B3372}"
EndProject
Project("{FAE04EC0-301F-11D3-BF4B-00C04F79EFBC}") = "ques 17", "..\ques 17\ques 17.csproj", "{E1CB3F27-06ED-4151-95BF-ED75D40A49C7}"
EndProject
Project("{FAE04EC0-301F-11D3-BF4B-00C04F79EFBC}") = "ques 18", "..\ques 18\ques 18.csproj", "{F3ACEACC-B9FC-4529-9FFE-8755899289B0}"
EndProject
Project("{FAE04EC0-301F-11D3-BF4B-00C04F79EFBC}") = "ques 19", "..\ques 19\ques 19.csproj", "{FF2073B1-0325-4A0E-BAEC-C13591E24AD4}"
EndProject
Project("{FAE04EC0-301F-11D3-BF4B-00C04F79EFBC}") = "ques 20", "..\ques 20\ques 20.csproj", "{1FEBB8C7-3E57-46EE-A712-91C0FAA9E446}"
EndProject
Project("{FAE04EC0-301F-11D3-BF4B-00C04F79EFBC}") = "ques 21", "..\ques 21\ques 21.csproj", "{2A5B35C2-3C2E-45CB-84E1-62F15CFA2F4E}"
EndProject
Project("{FAE04EC0-301F-11D3-BF4B-00C04F79EFBC}") = "ques 22", "..\ques 22\ques 22.csproj", "{6956869B-ADAC-4AC2-89A3-BD803DAD68F5}"
EndProject
Project("{FAE04EC0-301F-11D3-BF4B-00C04F79EFBC}") = "ques 23", "..\ques 23\ques 23.csproj", "{BC7AB3AD-D45B-48C8-B4E5-8C24799FC142}"
EndProject
Global
	GlobalSection(SolutionConfigurationPlatforms) = preSolution
		Debug|Any CPU = Debug|Any CPU
		Release|Any CPU = Release|Any CPU
	EndGlobalSection
	GlobalSection(ProjectConfigurationPlatforms) = postSolution
		{1067C46C-2D1F-4C8D-B7BA-38D9FCFC0FB4}.Debug|Any CPU.ActiveCfg = Debug|Any CPU
		{1067C46C-2D1F-4C8D-B7BA-38D9FCFC0FB4}.Debug|Any CPU.Build.0 = Debug|Any CPU
		{1067C46C-2D1F-4C8D-B7BA-38D9FCFC0FB4}.Release|Any CPU.ActiveCfg = Release|Any CPU
		{1067C46C-2D1F-4C8D-B7BA-38D9FCFC0FB4}.Release|Any CPU.Build.0 = Release|Any CPU
		{F6C669E4-CF21-4192-9431-7DD999C9C29F}.Debug|Any CPU.ActiveCfg = Debug|Any CPU
		{F6C669E4-CF21-4192-9431-7DD999C9C29F}.Debug|Any CPU.Build.0 = Debug|Any CPU
		{F6C669E4-CF21-4192-9431-7DD999C9C29F}.Release|Any CPU.ActiveCfg = Release|Any CPU
		{F6C669E4-CF21-4192-9431-7DD999C9C29F}.Release|Any CPU.Build.0 = Release|Any CPU
		{C221E5C3-AD71-4ACD-B916-340A01997D46}.Debug|Any CPU.ActiveCfg = Debug|Any CPU
		{C221E5C3-AD71-4ACD-B916-340A01997D46}.Debug|Any CPU.Build.0 = Debug|Any CPU
		{C221E5C3-AD71-4ACD-B916-340A01997D46}.Release|Any CPU.ActiveCfg = Release|Any CPU
		{C221E5C3-AD71-4ACD-B916-340A01997D46}.Release|Any CPU.Build.0 = Release|Any CPU
		{CE01B4C2-D15C-4C33-B4AF-530276400BAC}.Debug|Any CPU.ActiveCfg = Debug|Any CPU
		{CE01B4C2-D15C-4C33-B4AF-530276400BAC}.Debug|Any CPU.Build.0 = Debug|Any CPU
		{CE01B4C2-D15C-4C33-B4AF-530276400BAC}.Release|Any CPU.ActiveCfg = Release|Any CPU
		{CE01B4C2-D15C-4C33-B4AF-530276400BAC}.Release|Any CPU.Build.0 = Release|Any CPU
		{243579E4-1CA5-4268-81BE-4A559B9C66FD}.Debug|Any CPU.ActiveCfg = Debug|Any CPU
		{243579E4-1CA5-4268-81BE-4A559B9C66FD}.Debug|Any CPU.Build.0 = Debug|Any CPU
		{243579E4-1CA5-4268-81BE-4A559B9C66FD}.Release|Any CPU.ActiveCfg = Release|Any CPU
		{243579E4-1CA5-4268-81BE-4A559B9C66FD}.Release|Any CPU.Build.0 = Release|Any CPU
		{05DEC0F9-FCA7-473D-BFDA-C8F047302604}.Debug|Any CPU.ActiveCfg = Debug|Any CPU
		{05DEC0F9-FCA7-473D-BFDA-C8F047302604}.Debug|Any CPU.Build.0 = Debug|Any CPU
		{05DEC0F9-FCA7-473D-BFDA-C8F047302604}.Release|Any CPU.ActiveCfg = Release|Any CPU
		{05DEC0F9-FCA7-473D-BFDA-C8F047302604}.Release|Any CPU.Build.0 = Release|Any CPU
		{B6CDDFB4-0791-435A-8D66-48C12FE5FE8F}.Debug|Any CPU.ActiveCfg = Debug|Any CPU
		{B6CDDFB4-0791-435A-8D66-48C12FE5FE8F}.Debug|Any CPU.Build.0 = Debug|Any CPU
		{B6CDDFB4-0791-435A-8D66-48C12FE5FE8F}.Release|Any CPU.ActiveCfg = Release|Any CPU
		{B6CDDFB4-0791-435A-8D66-48C12FE5FE8F}.Release|Any CPU.Build.0 = Release|Any CPU
		{C7ED3471-13AD-4DD7-B0D0-B0D325D7990E}.Debug|Any CPU.ActiveCfg = Debug|Any CPU
		{C7ED3471-13AD-4DD7-B0D0-B0D325D7990E}.Debug|Any CPU.Build.0 = Debug|Any CPU
		{C7ED3471-13AD-4DD7-B0D0-B0D325D7990E}.Release|Any CPU.ActiveCfg = Release|Any CPU
		{C7ED3471-13AD-4DD7-B0D0-B0D325D7990E}.Release|Any CPU.Build.0 = Release|Any CPU
		{3E064154-6BC7-4989-9DE2-D13C01AB857D}.Debug|Any CPU.ActiveCfg = Debug|Any CPU
		{3E064154-6BC7-4989-9DE2-D13C01AB857D}.Debug|Any CPU.Build.0 = Debug|Any CPU
		{3E064154-6BC7-4989-9DE2-D13C01AB857D}.Release|Any CPU.ActiveCfg = Release|Any CPU
		{3E064154-6BC7-4989-9DE2-D13C01AB857D}.Release|Any CPU.Build.0 = Release|Any CPU
		{158F44C3-6BA8-4DDD-BE63-FDD7031C1943}.Debug|Any CPU.ActiveCfg = Debug|Any CPU
		{158F44C3-6BA8-4DDD-BE63-FDD7031C1943}.Debug|Any CPU.Build.0 = Debug|Any CPU
		{158F44C3-6BA8-4DDD-BE63-FDD7031C1943}.Release|Any CPU.ActiveCfg = Release|Any CPU
		{158F44C3-6BA8-4DDD-BE63-FDD7031C1943}.Release|Any CPU.Build.0 = Release|Any CPU
		{DB720979-C3B9-4D9A-86A4-667B49B18D7E}.Debug|Any CPU.ActiveCfg = Debug|Any CPU
		{DB720979-C3B9-4D9A-86A4-667B49B18D7E}.Debug|Any CPU.Build.0 = Debug|Any CPU
		{DB720979-C3B9-4D9A-86A4-667B49B18D7E}.Release|Any CPU.ActiveCfg = Release|Any CPU
		{DB720979-C3B9-4D9A-86A4-667B49B18D7E}.Release|Any CPU.Build.0 = Release|Any CPU
		{0854E915-D72F-404C-987B-5F475ED65390}.Debug|Any CPU.ActiveCfg = Debug|Any CPU
		{0854E915-D72F-404C-987B-5F475ED65390}.Debug|Any CPU.Build.0 = Debug|Any CPU
		{0854E915-D72F-404C-987B-5F475ED65390}.Release|Any CPU.ActiveCfg = Release|Any CPU
		{0854E915-D72F-404C-987B-5F475ED65390}.Release|Any CPU.Build.0 = Release|Any CPU
		{52CC1DD5-742C-486F-8E4D-09DF129F909F}.Debug|Any CPU.ActiveCfg = Debug|Any CPU
		{52CC1DD5-742C-486F-8E4D-09DF129F909F}.Debug|Any CPU.Build.0 = Debug|Any CPU
		{52CC1DD5-742C-486F-8E4D-09DF129F909F}.Release|Any CPU.ActiveCfg = Release|Any CPU
		{52CC1DD5-742C-486F-8E4D-09DF129F909F}.Release|Any CPU.Build.0 = Release|Any CPU
		{D11C0B3D-67F2-403F-BAE4-0EF25EE29CC8}.Debug|Any CPU.ActiveCfg = Debug|Any CPU
		{D11C0B3D-67F2-403F-BAE4-0EF25EE29CC8}.Debug|Any CPU.Build.0 = Debug|Any CPU
		{D11C0B3D-67F2-403F-BAE4-0EF25EE29CC8}.Release|Any CPU.ActiveCfg = Release|Any CPU
		{D11C0B3D-67F2-403F-BAE4-0EF25EE29CC8}.Release|Any CPU.Build.0 = Release|Any CPU
		{D3024F14-723F-43B8-99FD-82EA8A835204}.Debug|Any CPU.ActiveCfg = Debug|Any CPU
		{D3024F14-723F-43B8-99FD-82EA8A835204}.Debug|Any CPU.Build.0 = Debug|Any CPU
		{D3024F14-723F-43B8-99FD-82EA8A835204}.Release|Any CPU.ActiveCfg = Release|Any CPU
		{D3024F14-723F-43B8-99FD-82EA8A835204}.Release|Any CPU.Build.0 = Release|Any CPU
		{E13F3918-0DE2-4F4E-B905-80ED466B3372}.Debug|Any CPU.ActiveCfg = Debug|Any CPU
		{E13F3918-0DE2-4F4E-B905-80ED466B3372}.Debug|Any CPU.Build.0 = Debug|Any CPU
		{E13F3918-0DE2-4F4E-B905-80ED466B3372}.Release|Any CPU.ActiveCfg = Release|Any CPU
		{E13F3918-0DE2-4F4E-B905-80ED466B3372}.Release|Any CPU.Build.0 = Release|Any CPU
		{E1CB3F27-06ED-4151-95BF-ED75D40A49C7}.Debug|Any CPU.ActiveCfg = Debug|Any CPU
		{E1CB3F27-06ED-4151-95BF-ED75D40A49C7}.Debug|Any CPU.Build.0 = Debug|Any CPU
		{E1CB3F27-06ED-4151-95BF-ED75D40A49C7}.Release|Any CPU.ActiveCfg = Release|Any CPU
		{E1CB3F27-06ED-4151-95BF-ED75D40A49C7}.Release|Any CPU.Build.0 = Release|Any CPU
		{F3ACEACC-B9FC-4529-9FFE-8755899289B0}.Debug|Any CPU.ActiveCfg = Debug|Any CPU
		{F3ACEACC-B9FC-4529-9FFE-8755899289B0}.Debug|Any CPU.Build.0 = Debug|Any CPU
		{F3ACEACC-B9FC-4529-9FFE-8755899289B0}.Release|Any CPU.ActiveCfg = Release|Any CPU
		{F3ACEACC-B9FC-4529-9FFE-8755899289B0}.Release|Any CPU.Build.0 = Release|Any CPU
		{FF2073B1-0325-4A0E-BAEC-C13591E24AD4}.Debug|Any CPU.ActiveCfg = Debug|Any CPU
		{FF2073B1-0325-4A0E-BAEC-C13591E24AD4}.Debug|Any CPU.Build.0 = Debug|Any CPU
		{FF2073B1-0325-4A0E-BAEC-C13591E24AD4}.Release|Any CPU.ActiveCfg = Release|Any CPU
		{FF2073B1-0325-4A0E-BAEC-C13591E24AD4}.Release|Any CPU.Build.0 = Release|Any CPU
		{1FEBB8C7-3E57-46EE-A712-91C0FAA9E446}.Debug|Any CPU.ActiveCfg = Debug|Any CPU
		{1FEBB8C7-3E57-46EE-A712-91C0FAA9E446}.Debug|Any CPU.Build.0 = Debug|Any CPU
		{1FEBB8C7-3E57-46EE-A712-91C0FAA9E446}.Release|Any CPU.ActiveCfg = Release|Any CPU
		{1FEBB8C7-3E57-46EE-A712-91C0FAA9E446}.Release|Any CPU.Build.0 = Release|Any CPU
		{2A5B35C2-3C2E-45CB-84E1-62F15CFA2F4E}.Debug|Any CPU.ActiveCfg = Debug|Any CPU
		{2A5B35C2-3C2E-45CB-84E1-62F15CFA2F4E}.Debug|Any CPU.Build.0 = Debug|Any CPU
		{2A5B35C2-3C2E-45CB-84E1-62F15CFA2F4E}.Release|Any CPU.ActiveCfg = Release|Any CPU
		{2A5B35C2-3C2E-45CB-84E1-62F15CFA2F4E}.Release|Any CPU.Build.0 = Release|Any CPU
		{6956869B-ADAC-4AC2-89A3-BD803DAD68F5}.Debug|Any CPU.ActiveCfg = Debug|Any CPU
		{6956869B-ADAC-4AC2-89A3-BD803DAD68F5}.Debug|Any CPU.Build.0 = Debug|Any CPU
		{6956869B-ADAC-4AC2-89A3-BD803DAD68F5}.Release|Any CPU.ActiveCfg = Release|Any CPU
		{6956869B-ADAC-4AC2-89A3-BD803DAD68F5}.Release|Any CPU.Build.0 = Release|Any CPU
		{BC7AB3AD-D45B-48C8-B4E5-8C24799FC142}.Debug|Any CPU.ActiveCfg = Debug|Any CPU
		{BC7AB3AD-D45B-48C8-B4E5-8C24799FC142}.Debug|Any CPU.Build.0 = Debug|Any CPU
		{BC7AB3AD-D45B-48C8-B4E5-8C24799FC142}.Release|Any CPU.ActiveCfg = Release|Any CPU
		{BC7AB3AD-D45B-48C8-B4E5-8C24799FC142}.Release|Any CPU.Build.0 = Release|Any CPU
	EndGlobalSection
	GlobalSection(SolutionProperties) = preSolution
		HideSolutionNode = FALSE
	EndGlobalSection
	GlobalSection(ExtensibilityGlobals) = postSolution
		SolutionGuid = {DA867A2D-3520-43A7-BC3E-EF28A75D2FDE}
	EndGlobalSection
EndGlobal
